
Microsoft Visual Studio Solution File, Format Version 12.00
# Visual Studio Version 16
VisualStudioVersion = 16.0.31112.23
MinimumVisualStudioVersion = 10.0.40219.1
Project("{FAE04EC0-301F-11D3-BF4B-00C04F79EFBC}") = "Class 08 Exercice", "Class 08 Exercice\Class 08 Exercice.csproj", "{D70E0220-85F4-40BD-9950-5F5132E2F131}"
EndProject
Global
	GlobalSection(SolutionConfigurationPlatforms) = preSolution
		Debug|Any CPU = Debug|Any CPU
		Release|Any CPU = Release|Any CPU
	EndGlobalSection
	GlobalSection(ProjectConfigurationPlatforms) = postSolution
		{D70E0220-85F4-40BD-9950-5F5132E2F131}.Debug|Any CPU.ActiveCfg = Debug|Any CPU
		{D70E0220-85F4-40BD-9950-5F5132E2F131}.Debug|Any CPU.Build.0 = Debug|Any CPU
		{D70E0220-85F4-40BD-9950-5F5132E2F131}.Release|Any CPU.ActiveCfg = Release|Any CPU
		{D70E0220-85F4-40BD-9950-5F5132E2F131}.Release|Any CPU.Build.0 = Release|Any CPU
	EndGlobalSection
	GlobalSection(SolutionProperties) = preSolution
		HideSolutionNode = FALSE
	EndGlobalSection
	GlobalSection(ExtensibilityGlobals) = postSolution
		SolutionGuid = {20AA0767-F7E8-40C9-AF54-765D8161BFFE}
	EndGlobalSection
EndGlobal
